
Microsoft Visual Studio Solution File, Format Version 12.00
# Visual Studio 15
VisualStudioVersion = 15.0.27703.2000
MinimumVisualStudioVersion = 10.0.40219.1
Project("{FAE04EC0-301F-11D3-BF4B-00C04F79EFBC}") = "KnikLandscaping", "KnikLandscaping\KnikLandscaping.csproj", "{5D18426F-AB40-4AFE-8ECA-42AA1E9E484B}"
EndProject
Global
	GlobalSection(SolutionConfigurationPlatforms) = preSolution
		Debug|Any CPU = Debug|Any CPU
		Release|Any CPU = Release|Any CPU
	EndGlobalSection
	GlobalSection(ProjectConfigurationPlatforms) = postSolution
		{5D18426F-AB40-4AFE-8ECA-42AA1E9E484B}.Debug|Any CPU.ActiveCfg = Debug|Any CPU
		{5D18426F-AB40-4AFE-8ECA-42AA1E9E484B}.Debug|Any CPU.Build.0 = Debug|Any CPU
		{5D18426F-AB40-4AFE-8ECA-42AA1E9E484B}.Release|Any CPU.ActiveCfg = Release|Any CPU
		{5D18426F-AB40-4AFE-8ECA-42AA1E9E484B}.Release|Any CPU.Build.0 = Release|Any CPU
	EndGlobalSection
	GlobalSection(SolutionProperties) = preSolution
		HideSolutionNode = FALSE
	EndGlobalSection
	GlobalSection(ExtensibilityGlobals) = postSolution
		SolutionGuid = {C13EF6EF-556A-4139-BD91-10B47CAD7D35}
	EndGlobalSection
EndGlobal
